
Microsoft Visual Studio Solution File, Format Version 12.00
# Visual Studio Version 17
VisualStudioVersion = 17.9.34728.123
MinimumVisualStudioVersion = 10.0.40219.1
Project("{FAE04EC0-301F-11D3-BF4B-00C04F79EFBC}") = "ToDoList", "AvaloniaApplication1\ToDoList.csproj", "{C0050C4E-94C6-493A-BFA7-AD46051A57DD}"
EndProject
Global
	GlobalSection(SolutionConfigurationPlatforms) = preSolution
		Debug|Any CPU = Debug|Any CPU
		Release|Any CPU = Release|Any CPU
	EndGlobalSection
	GlobalSection(ProjectConfigurationPlatforms) = postSolution
		{C0050C4E-94C6-493A-BFA7-AD46051A57DD}.Debug|Any CPU.ActiveCfg = Debug|Any CPU
		{C0050C4E-94C6-493A-BFA7-AD46051A57DD}.Debug|Any CPU.Build.0 = Debug|Any CPU
		{C0050C4E-94C6-493A-BFA7-AD46051A57DD}.Release|Any CPU.ActiveCfg = Release|Any CPU
		{C0050C4E-94C6-493A-BFA7-AD46051A57DD}.Release|Any CPU.Build.0 = Release|Any CPU
	EndGlobalSection
	GlobalSection(SolutionProperties) = preSolution
		HideSolutionNode = FALSE
	EndGlobalSection
	GlobalSection(ExtensibilityGlobals) = postSolution
		SolutionGuid = {297EA725-0559-46C9-B411-DC4E73039E1A}
	EndGlobalSection
EndGlobal
