
Microsoft Visual Studio Solution File, Format Version 12.00
# Visual Studio Version 17
VisualStudioVersion = 17.9.34728.123
MinimumVisualStudioVersion = 10.0.40219.1
Project("{FAE04EC0-301F-11D3-BF4B-00C04F79EFBC}") = "PhotoBrowser", "PhotoBrowser\PhotoBrowser.csproj", "{2EA5E359-FE85-4335-A2A8-CFC4AC413610}"
EndProject
Global
	GlobalSection(SolutionConfigurationPlatforms) = preSolution
		Debug|Any CPU = Debug|Any CPU
		Release|Any CPU = Release|Any CPU
	EndGlobalSection
	GlobalSection(ProjectConfigurationPlatforms) = postSolution
		{2EA5E359-FE85-4335-A2A8-CFC4AC413610}.Debug|Any CPU.ActiveCfg = Debug|Any CPU
		{2EA5E359-FE85-4335-A2A8-CFC4AC413610}.Debug|Any CPU.Build.0 = Debug|Any CPU
		{2EA5E359-FE85-4335-A2A8-CFC4AC413610}.Release|Any CPU.ActiveCfg = Release|Any CPU
		{2EA5E359-FE85-4335-A2A8-CFC4AC413610}.Release|Any CPU.Build.0 = Release|Any CPU
	EndGlobalSection
	GlobalSection(SolutionProperties) = preSolution
		HideSolutionNode = FALSE
	EndGlobalSection
	GlobalSection(ExtensibilityGlobals) = postSolution
		SolutionGuid = {FA226C5D-22D8-4A95-8FDF-06D8DFEE5465}
	EndGlobalSection
EndGlobal
